
Microsoft Visual Studio Solution File, Format Version 12.00
# Visual Studio Version 16
VisualStudioVersion = 16.0.30309.148
MinimumVisualStudioVersion = 10.0.40219.1
Project("{F184B08F-C81C-45F6-A57F-5ABD9991F28F}") = "Sport Betting", "Sport Betting.vbproj", "{72FC2086-A268-459D-9181-B1EE75084370}"
EndProject
Global
	GlobalSection(SolutionConfigurationPlatforms) = preSolution
		Debug|Any CPU = Debug|Any CPU
		Release|Any CPU = Release|Any CPU
	EndGlobalSection
	GlobalSection(ProjectConfigurationPlatforms) = postSolution
		{72FC2086-A268-459D-9181-B1EE75084370}.Debug|Any CPU.ActiveCfg = Debug|Any CPU
		{72FC2086-A268-459D-9181-B1EE75084370}.Debug|Any CPU.Build.0 = Debug|Any CPU
		{72FC2086-A268-459D-9181-B1EE75084370}.Release|Any CPU.ActiveCfg = Release|Any CPU
		{72FC2086-A268-459D-9181-B1EE75084370}.Release|Any CPU.Build.0 = Release|Any CPU
	EndGlobalSection
	GlobalSection(SolutionProperties) = preSolution
		HideSolutionNode = FALSE
	EndGlobalSection
	GlobalSection(ExtensibilityGlobals) = postSolution
		SolutionGuid = {1ABE5E09-A72A-4476-AD9F-6D72A9C3D78F}
	EndGlobalSection
EndGlobal
